
Microsoft Visual Studio Solution File, Format Version 12.00
# Visual Studio 15
VisualStudioVersion = 15.0.28307.489
MinimumVisualStudioVersion = 10.0.40219.1
Project("{FAE04EC0-301F-11D3-BF4B-00C04F79EFBC}") = "hackaton-2019", "hackaton-2019\hackaton-2019.csproj", "{DF461EE4-382C-4EDA-A7DD-8ADBE3E52B41}"
EndProject
Global
	GlobalSection(SolutionConfigurationPlatforms) = preSolution
		Debug|Any CPU = Debug|Any CPU
		Release|Any CPU = Release|Any CPU
	EndGlobalSection
	GlobalSection(ProjectConfigurationPlatforms) = postSolution
		{DF461EE4-382C-4EDA-A7DD-8ADBE3E52B41}.Debug|Any CPU.ActiveCfg = Debug|Any CPU
		{DF461EE4-382C-4EDA-A7DD-8ADBE3E52B41}.Debug|Any CPU.Build.0 = Debug|Any CPU
		{DF461EE4-382C-4EDA-A7DD-8ADBE3E52B41}.Release|Any CPU.ActiveCfg = Release|Any CPU
		{DF461EE4-382C-4EDA-A7DD-8ADBE3E52B41}.Release|Any CPU.Build.0 = Release|Any CPU
	EndGlobalSection
	GlobalSection(SolutionProperties) = preSolution
		HideSolutionNode = FALSE
	EndGlobalSection
	GlobalSection(ExtensibilityGlobals) = postSolution
		SolutionGuid = {3152855F-B303-4958-B082-A489DAE565F0}
	EndGlobalSection
EndGlobal
